
Microsoft Visual Studio Solution File, Format Version 12.00
# Visual Studio 15
VisualStudioVersion = 15.0.28307.645
MinimumVisualStudioVersion = 10.0.40219.1
Project("{FAE04EC0-301F-11D3-BF4B-00C04F79EFBC}") = "Heroes3BattleSimulator", "ConsoleApp1\Heroes3BattleSimulator.csproj", "{4AF299B5-9606-4C01-854A-88462EE9BE60}"
EndProject
Global
	GlobalSection(SolutionConfigurationPlatforms) = preSolution
		Debug|Any CPU = Debug|Any CPU
		Release|Any CPU = Release|Any CPU
	EndGlobalSection
	GlobalSection(ProjectConfigurationPlatforms) = postSolution
		{4AF299B5-9606-4C01-854A-88462EE9BE60}.Debug|Any CPU.ActiveCfg = Debug|Any CPU
		{4AF299B5-9606-4C01-854A-88462EE9BE60}.Debug|Any CPU.Build.0 = Debug|Any CPU
		{4AF299B5-9606-4C01-854A-88462EE9BE60}.Release|Any CPU.ActiveCfg = Release|Any CPU
		{4AF299B5-9606-4C01-854A-88462EE9BE60}.Release|Any CPU.Build.0 = Release|Any CPU
	EndGlobalSection
	GlobalSection(SolutionProperties) = preSolution
		HideSolutionNode = FALSE
	EndGlobalSection
	GlobalSection(ExtensibilityGlobals) = postSolution
		SolutionGuid = {16EEE4ED-1151-4E0B-951E-5CD6AE5C5FAB}
	EndGlobalSection
EndGlobal
